
Microsoft Visual Studio Solution File, Format Version 12.00
# Visual Studio Version 17
VisualStudioVersion = 17.5.33530.505
MinimumVisualStudioVersion = 10.0.40219.1
Project("{FAE04EC0-301F-11D3-BF4B-00C04F79EFBC}") = "ObjectsApi", "ObjectsApi.csproj", "{89627AE3-2FB3-4C6D-B3A9-50A928B8A9DB}"
EndProject
Global
	GlobalSection(SolutionConfigurationPlatforms) = preSolution
		Debug|Any CPU = Debug|Any CPU
		Release|Any CPU = Release|Any CPU
	EndGlobalSection
	GlobalSection(ProjectConfigurationPlatforms) = postSolution
		{89627AE3-2FB3-4C6D-B3A9-50A928B8A9DB}.Debug|Any CPU.ActiveCfg = Debug|Any CPU
		{89627AE3-2FB3-4C6D-B3A9-50A928B8A9DB}.Debug|Any CPU.Build.0 = Debug|Any CPU
		{89627AE3-2FB3-4C6D-B3A9-50A928B8A9DB}.Release|Any CPU.ActiveCfg = Release|Any CPU
		{89627AE3-2FB3-4C6D-B3A9-50A928B8A9DB}.Release|Any CPU.Build.0 = Release|Any CPU
	EndGlobalSection
	GlobalSection(SolutionProperties) = preSolution
		HideSolutionNode = FALSE
	EndGlobalSection
	GlobalSection(ExtensibilityGlobals) = postSolution
		SolutionGuid = {B2E8F1F7-01A1-47FE-A7AA-0CBAE26F223D}
	EndGlobalSection
EndGlobal
